
Microsoft Visual Studio Solution File, Format Version 12.00
# Visual Studio 15
VisualStudioVersion = 15.0.27130.2027
MinimumVisualStudioVersion = 10.0.40219.1
Project("{FAE04EC0-301F-11D3-BF4B-00C04F79EFBC}") = "jsFirstTask", "jsFirstTask\jsFirstTask.csproj", "{60CEBBFE-43B0-444B-9894-1C27F2152D64}"
EndProject
Global
	GlobalSection(SolutionConfigurationPlatforms) = preSolution
		Debug|Any CPU = Debug|Any CPU
		Release|Any CPU = Release|Any CPU
	EndGlobalSection
	GlobalSection(ProjectConfigurationPlatforms) = postSolution
		{60CEBBFE-43B0-444B-9894-1C27F2152D64}.Debug|Any CPU.ActiveCfg = Debug|Any CPU
		{60CEBBFE-43B0-444B-9894-1C27F2152D64}.Debug|Any CPU.Build.0 = Debug|Any CPU
		{60CEBBFE-43B0-444B-9894-1C27F2152D64}.Release|Any CPU.ActiveCfg = Release|Any CPU
		{60CEBBFE-43B0-444B-9894-1C27F2152D64}.Release|Any CPU.Build.0 = Release|Any CPU
	EndGlobalSection
	GlobalSection(SolutionProperties) = preSolution
		HideSolutionNode = FALSE
	EndGlobalSection
	GlobalSection(ExtensibilityGlobals) = postSolution
		SolutionGuid = {12889387-6340-464B-B013-855A5ABD08FA}
	EndGlobalSection
EndGlobal
